{
  "nodes": {
    "flake-utils": {
      "locked": {
        "lastModified": 1644229661,
        "narHash": "sha256-1YdnJAsNy69bpcjuoKdOYQX0YxZBiCYZo4Twxerqv7k=",
        "owner": "numtide",
        "repo": "flake-utils",
        "rev": "3cecb5b042f7f209c56ffd8371b2711a290ec797",
        "type": "github"
      },
      "original": {
        "id": "flake-utils",
        "type": "indirect"
      }
    },
    "haskell-flake": {
      "inputs": {
        "flake-utils": "flake-utils"
      },
      "locked": {
        "lastModified": 1645607898,
        "narHash": "sha256-XbS7BYPzkuK2yMvaN4Nmio0FKWwG4ddJZSQeSogDd7k=",
        "owner": "schuelermine",
        "repo": "haskell-flake",
        "rev": "d78965bd4e7c7796d68dfb9c8b873c54f179a755",
        "type": "github"
      },
      "original": {
        "owner": "schuelermine",
        "ref": "b0",
        "repo": "haskell-flake",
        "type": "github"
      }
    },
    "nixpkgs": {
      "locked": {
        "lastModified": 1645493675,
        "narHash": "sha256-9xundbZQbhFodsQRh6QMN1GeSXfo3y/5NL0CZcJULz0=",
        "owner": "NixOS",
        "repo": "nixpkgs",
        "rev": "74b10859829153d5c5d50f7c77b86763759e8654",
        "type": "github"
      },
      "original": {
        "id": "nixpkgs",
        "type": "indirect"
      }
    },
    "root": {
      "inputs": {
        "haskell-flake": "haskell-flake",
        "nixpkgs": "nixpkgs"
      }
    }
  },
  "root": "root",
  "version": 7
}
